
Microsoft Visual Studio Solution File, Format Version 12.00
# Visual Studio Version 17
VisualStudioVersion = 17.0.31903.59
MinimumVisualStudioVersion = 10.0.40219.1
Project("{2150E333-8FDC-42A3-9474-1A3956D46DE8}") = "server", "server", "{DAD03CFC-D5FA-AC94-41C7-9ABAB326F09E}"
EndProject
Project("{2150E333-8FDC-42A3-9474-1A3956D46DE8}") = "src", "src", "{2132E9AA-A8A6-6DB3-1CCB-FE240A8CB002}"
EndProject
Project("{FAE04EC0-301F-11D3-BF4B-00C04F79EFBC}") = "PCBuilder.Domain", "server\src\PCBuilder.Domain\PCBuilder.Domain.csproj", "{5F6EBAED-FD2E-40A6-8F26-134A8B9DE386}"
EndProject
Project("{FAE04EC0-301F-11D3-BF4B-00C04F79EFBC}") = "PCBuilder.Application", "server\src\PCBuilder.Application\PCBuilder.Application.csproj", "{7981EB74-EDBE-4EB1-B582-5169D9B4EC2B}"
EndProject
Project("{FAE04EC0-301F-11D3-BF4B-00C04F79EFBC}") = "PCBuilder.Persistence", "server\src\PCBuilder.Persistence\PCBuilder.Persistence.csproj", "{07624281-679A-43F5-92EE-79C260AF0A3A}"
EndProject
Project("{FAE04EC0-301F-11D3-BF4B-00C04F79EFBC}") = "PCBuilder.Identity", "server\src\PCBuilder.Identity\PCBuilder.Identity.csproj", "{7A6DBBAA-DF68-4833-A4E0-BCAD3EBC0278}"
EndProject
Project("{FAE04EC0-301F-11D3-BF4B-00C04F79EFBC}") = "PCBuilder.Infrastructure", "server\src\PCBuilder.Infrastructure\PCBuilder.Infrastructure.csproj", "{DBAEF45C-CF4A-44F4-8CDB-FA3CBE6F7003}"
EndProject
Project("{FAE04EC0-301F-11D3-BF4B-00C04F79EFBC}") = "PCBuilder.Shared", "server\src\PCBuilder.Shared\PCBuilder.Shared.csproj", "{B8B48DC2-3E53-4DF0-87AC-01A640445DD4}"
EndProject
Project("{FAE04EC0-301F-11D3-BF4B-00C04F79EFBC}") = "PCBuilder.API", "server\src\PCBuilder.API\PCBuilder.API.csproj", "{FDF0B992-8BBF-4B54-9528-58CAEA8DEDFC}"
EndProject
Project("{FAE04EC0-301F-11D3-BF4B-00C04F79EFBC}") = "PCBuilder.UnitTests", "server\tests\PCBuilder.UnitTests\PCBuilder.UnitTests.csproj", "{8E13AE3D-DF70-48BA-8374-36A3B9C6DAB9}"
EndProject
Project("{FAE04EC0-301F-11D3-BF4B-00C04F79EFBC}") = "PCBuilder.IntegrationTests", "server\tests\PCBuilder.IntegrationTests\PCBuilder.IntegrationTests.csproj", "{518919A1-EA52-4195-8D48-3D27B16EE73A}"
EndProject
Global
	GlobalSection(SolutionConfigurationPlatforms) = preSolution
		Debug|Any CPU = Debug|Any CPU
		Debug|x64 = Debug|x64
		Debug|x86 = Debug|x86
		Release|Any CPU = Release|Any CPU
		Release|x64 = Release|x64
		Release|x86 = Release|x86
	EndGlobalSection
	GlobalSection(ProjectConfigurationPlatforms) = postSolution
		{5F6EBAED-FD2E-40A6-8F26-134A8B9DE386}.Debug|Any CPU.ActiveCfg = Debug|Any CPU
		{5F6EBAED-FD2E-40A6-8F26-134A8B9DE386}.Debug|Any CPU.Build.0 = Debug|Any CPU
		{5F6EBAED-FD2E-40A6-8F26-134A8B9DE386}.Debug|x64.ActiveCfg = Debug|Any CPU
		{5F6EBAED-FD2E-40A6-8F26-134A8B9DE386}.Debug|x64.Build.0 = Debug|Any CPU
		{5F6EBAED-FD2E-40A6-8F26-134A8B9DE386}.Debug|x86.ActiveCfg = Debug|Any CPU
		{5F6EBAED-FD2E-40A6-8F26-134A8B9DE386}.Debug|x86.Build.0 = Debug|Any CPU
		{5F6EBAED-FD2E-40A6-8F26-134A8B9DE386}.Release|Any CPU.ActiveCfg = Release|Any CPU
		{5F6EBAED-FD2E-40A6-8F26-134A8B9DE386}.Release|Any CPU.Build.0 = Release|Any CPU
		{5F6EBAED-FD2E-40A6-8F26-134A8B9DE386}.Release|x64.ActiveCfg = Release|Any CPU
		{5F6EBAED-FD2E-40A6-8F26-134A8B9DE386}.Release|x64.Build.0 = Release|Any CPU
		{5F6EBAED-FD2E-40A6-8F26-134A8B9DE386}.Release|x86.ActiveCfg = Release|Any CPU
		{5F6EBAED-FD2E-40A6-8F26-134A8B9DE386}.Release|x86.Build.0 = Release|Any CPU
		{7981EB74-EDBE-4EB1-B582-5169D9B4EC2B}.Debug|Any CPU.ActiveCfg = Debug|Any CPU
		{7981EB74-EDBE-4EB1-B582-5169D9B4EC2B}.Debug|Any CPU.Build.0 = Debug|Any CPU
		{7981EB74-EDBE-4EB1-B582-5169D9B4EC2B}.Debug|x64.ActiveCfg = Debug|Any CPU
		{7981EB74-EDBE-4EB1-B582-5169D9B4EC2B}.Debug|x64.Build.0 = Debug|Any CPU
		{7981EB74-EDBE-4EB1-B582-5169D9B4EC2B}.Debug|x86.ActiveCfg = Debug|Any CPU
		{7981EB74-EDBE-4EB1-B582-5169D9B4EC2B}.Debug|x86.Build.0 = Debug|Any CPU
		{7981EB74-EDBE-4EB1-B582-5169D9B4EC2B}.Release|Any CPU.ActiveCfg = Release|Any CPU
		{7981EB74-EDBE-4EB1-B582-5169D9B4EC2B}.Release|Any CPU.Build.0 = Release|Any CPU
		{7981EB74-EDBE-4EB1-B582-5169D9B4EC2B}.Release|x64.ActiveCfg = Release|Any CPU
		{7981EB74-EDBE-4EB1-B582-5169D9B4EC2B}.Release|x64.Build.0 = Release|Any CPU
		{7981EB74-EDBE-4EB1-B582-5169D9B4EC2B}.Release|x86.ActiveCfg = Release|Any CPU
		{7981EB74-EDBE-4EB1-B582-5169D9B4EC2B}.Release|x86.Build.0 = Release|Any CPU
		{07624281-679A-43F5-92EE-79C260AF0A3A}.Debug|Any CPU.ActiveCfg = Debug|Any CPU
		{07624281-679A-43F5-92EE-79C260AF0A3A}.Debug|Any CPU.Build.0 = Debug|Any CPU
		{07624281-679A-43F5-92EE-79C260AF0A3A}.Debug|x64.ActiveCfg = Debug|Any CPU
		{07624281-679A-43F5-92EE-79C260AF0A3A}.Debug|x64.Build.0 = Debug|Any CPU
		{07624281-679A-43F5-92EE-79C260AF0A3A}.Debug|x86.ActiveCfg = Debug|Any CPU
		{07624281-679A-43F5-92EE-79C260AF0A3A}.Debug|x86.Build.0 = Debug|Any CPU
		{07624281-679A-43F5-92EE-79C260AF0A3A}.Release|Any CPU.ActiveCfg = Release|Any CPU
		{07624281-679A-43F5-92EE-79C260AF0A3A}.Release|Any CPU.Build.0 = Release|Any CPU
		{07624281-679A-43F5-92EE-79C260AF0A3A}.Release|x64.ActiveCfg = Release|Any CPU
		{07624281-679A-43F5-92EE-79C260AF0A3A}.Release|x64.Build.0 = Release|Any CPU
		{07624281-679A-43F5-92EE-79C260AF0A3A}.Release|x86.ActiveCfg = Release|Any CPU
		{07624281-679A-43F5-92EE-79C260AF0A3A}.Release|x86.Build.0 = Release|Any CPU
		{7A6DBBAA-DF68-4833-A4E0-BCAD3EBC0278}.Debug|Any CPU.ActiveCfg = Debug|Any CPU
		{7A6DBBAA-DF68-4833-A4E0-BCAD3EBC0278}.Debug|Any CPU.Build.0 = Debug|Any CPU
		{7A6DBBAA-DF68-4833-A4E0-BCAD3EBC0278}.Debug|x64.ActiveCfg = Debug|Any CPU
		{7A6DBBAA-DF68-4833-A4E0-BCAD3EBC0278}.Debug|x64.Build.0 = Debug|Any CPU
		{7A6DBBAA-DF68-4833-A4E0-BCAD3EBC0278}.Debug|x86.ActiveCfg = Debug|Any CPU
		{7A6DBBAA-DF68-4833-A4E0-BCAD3EBC0278}.Debug|x86.Build.0 = Debug|Any CPU
		{7A6DBBAA-DF68-4833-A4E0-BCAD3EBC0278}.Release|Any CPU.ActiveCfg = Release|Any CPU
		{7A6DBBAA-DF68-4833-A4E0-BCAD3EBC0278}.Release|Any CPU.Build.0 = Release|Any CPU
		{7A6DBBAA-DF68-4833-A4E0-BCAD3EBC0278}.Release|x64.ActiveCfg = Release|Any CPU
		{7A6DBBAA-DF68-4833-A4E0-BCAD3EBC0278}.Release|x64.Build.0 = Release|Any CPU
		{7A6DBBAA-DF68-4833-A4E0-BCAD3EBC0278}.Release|x86.ActiveCfg = Release|Any CPU
		{7A6DBBAA-DF68-4833-A4E0-BCAD3EBC0278}.Release|x86.Build.0 = Release|Any CPU
		{DBAEF45C-CF4A-44F4-8CDB-FA3CBE6F7003}.Debug|Any CPU.ActiveCfg = Debug|Any CPU
		{DBAEF45C-CF4A-44F4-8CDB-FA3CBE6F7003}.Debug|Any CPU.Build.0 = Debug|Any CPU
		{DBAEF45C-CF4A-44F4-8CDB-FA3CBE6F7003}.Debug|x64.ActiveCfg = Debug|Any CPU
		{DBAEF45C-CF4A-44F4-8CDB-FA3CBE6F7003}.Debug|x64.Build.0 = Debug|Any CPU
		{DBAEF45C-CF4A-44F4-8CDB-FA3CBE6F7003}.Debug|x86.ActiveCfg = Debug|Any CPU
		{DBAEF45C-CF4A-44F4-8CDB-FA3CBE6F7003}.Debug|x86.Build.0 = Debug|Any CPU
		{DBAEF45C-CF4A-44F4-8CDB-FA3CBE6F7003}.Release|Any CPU.ActiveCfg = Release|Any CPU
		{DBAEF45C-CF4A-44F4-8CDB-FA3CBE6F7003}.Release|Any CPU.Build.0 = Release|Any CPU
		{DBAEF45C-CF4A-44F4-8CDB-FA3CBE6F7003}.Release|x64.ActiveCfg = Release|Any CPU
		{DBAEF45C-CF4A-44F4-8CDB-FA3CBE6F7003}.Release|x64.Build.0 = Release|Any CPU
		{DBAEF45C-CF4A-44F4-8CDB-FA3CBE6F7003}.Release|x86.ActiveCfg = Release|Any CPU
		{DBAEF45C-CF4A-44F4-8CDB-FA3CBE6F7003}.Release|x86.Build.0 = Release|Any CPU
		{B8B48DC2-3E53-4DF0-87AC-01A640445DD4}.Debug|Any CPU.ActiveCfg = Debug|Any CPU
		{B8B48DC2-3E53-4DF0-87AC-01A640445DD4}.Debug|Any CPU.Build.0 = Debug|Any CPU
		{B8B48DC2-3E53-4DF0-87AC-01A640445DD4}.Debug|x64.ActiveCfg = Debug|Any CPU
		{B8B48DC2-3E53-4DF0-87AC-01A640445DD4}.Debug|x64.Build.0 = Debug|Any CPU
		{B8B48DC2-3E53-4DF0-87AC-01A640445DD4}.Debug|x86.ActiveCfg = Debug|Any CPU
		{B8B48DC2-3E53-4DF0-87AC-01A640445DD4}.Debug|x86.Build.0 = Debug|Any CPU
		{B8B48DC2-3E53-4DF0-87AC-01A640445DD4}.Release|Any CPU.ActiveCfg = Release|Any CPU
		{B8B48DC2-3E53-4DF0-87AC-01A640445DD4}.Release|Any CPU.Build.0 = Release|Any CPU
		{B8B48DC2-3E53-4DF0-87AC-01A640445DD4}.Release|x64.ActiveCfg = Release|Any CPU
		{B8B48DC2-3E53-4DF0-87AC-01A640445DD4}.Release|x64.Build.0 = Release|Any CPU
		{B8B48DC2-3E53-4DF0-87AC-01A640445DD4}.Release|x86.ActiveCfg = Release|Any CPU
		{B8B48DC2-3E53-4DF0-87AC-01A640445DD4}.Release|x86.Build.0 = Release|Any CPU
		{FDF0B992-8BBF-4B54-9528-58CAEA8DEDFC}.Debug|Any CPU.ActiveCfg = Debug|Any CPU
		{FDF0B992-8BBF-4B54-9528-58CAEA8DEDFC}.Debug|Any CPU.Build.0 = Debug|Any CPU
		{FDF0B992-8BBF-4B54-9528-58CAEA8DEDFC}.Debug|x64.ActiveCfg = Debug|Any CPU
		{FDF0B992-8BBF-4B54-9528-58CAEA8DEDFC}.Debug|x64.Build.0 = Debug|Any CPU
		{FDF0B992-8BBF-4B54-9528-58CAEA8DEDFC}.Debug|x86.ActiveCfg = Debug|Any CPU
		{FDF0B992-8BBF-4B54-9528-58CAEA8DEDFC}.Debug|x86.Build.0 = Debug|Any CPU
		{FDF0B992-8BBF-4B54-9528-58CAEA8DEDFC}.Release|Any CPU.ActiveCfg = Release|Any CPU
		{FDF0B992-8BBF-4B54-9528-58CAEA8DEDFC}.Release|Any CPU.Build.0 = Release|Any CPU
		{FDF0B992-8BBF-4B54-9528-58CAEA8DEDFC}.Release|x64.ActiveCfg = Release|Any CPU
		{FDF0B992-8BBF-4B54-9528-58CAEA8DEDFC}.Release|x64.Build.0 = Release|Any CPU
		{FDF0B992-8BBF-4B54-9528-58CAEA8DEDFC}.Release|x86.ActiveCfg = Release|Any CPU
		{FDF0B992-8BBF-4B54-9528-58CAEA8DEDFC}.Release|x86.Build.0 = Release|Any CPU
		{8E13AE3D-DF70-48BA-8374-36A3B9C6DAB9}.Debug|Any CPU.ActiveCfg = Debug|Any CPU
		{8E13AE3D-DF70-48BA-8374-36A3B9C6DAB9}.Debug|Any CPU.Build.0 = Debug|Any CPU
		{8E13AE3D-DF70-48BA-8374-36A3B9C6DAB9}.Debug|x64.ActiveCfg = Debug|Any CPU
		{8E13AE3D-DF70-48BA-8374-36A3B9C6DAB9}.Debug|x64.Build.0 = Debug|Any CPU
		{8E13AE3D-DF70-48BA-8374-36A3B9C6DAB9}.Debug|x86.ActiveCfg = Debug|Any CPU
		{8E13AE3D-DF70-48BA-8374-36A3B9C6DAB9}.Debug|x86.Build.0 = Debug|Any CPU
		{8E13AE3D-DF70-48BA-8374-36A3B9C6DAB9}.Release|Any CPU.ActiveCfg = Release|Any CPU
		{8E13AE3D-DF70-48BA-8374-36A3B9C6DAB9}.Release|Any CPU.Build.0 = Release|Any CPU
		{8E13AE3D-DF70-48BA-8374-36A3B9C6DAB9}.Release|x64.ActiveCfg = Release|Any CPU
		{8E13AE3D-DF70-48BA-8374-36A3B9C6DAB9}.Release|x64.Build.0 = Release|Any CPU
		{8E13AE3D-DF70-48BA-8374-36A3B9C6DAB9}.Release|x86.ActiveCfg = Release|Any CPU
		{8E13AE3D-DF70-48BA-8374-36A3B9C6DAB9}.Release|x86.Build.0 = Release|Any CPU
		{518919A1-EA52-4195-8D48-3D27B16EE73A}.Debug|Any CPU.ActiveCfg = Debug|Any CPU
		{518919A1-EA52-4195-8D48-3D27B16EE73A}.Debug|Any CPU.Build.0 = Debug|Any CPU
		{518919A1-EA52-4195-8D48-3D27B16EE73A}.Debug|x64.ActiveCfg = Debug|Any CPU
		{518919A1-EA52-4195-8D48-3D27B16EE73A}.Debug|x64.Build.0 = Debug|Any CPU
		{518919A1-EA52-4195-8D48-3D27B16EE73A}.Debug|x86.ActiveCfg = Debug|Any CPU
		{518919A1-EA52-4195-8D48-3D27B16EE73A}.Debug|x86.Build.0 = Debug|Any CPU
		{518919A1-EA52-4195-8D48-3D27B16EE73A}.Release|Any CPU.ActiveCfg = Release|Any CPU
		{518919A1-EA52-4195-8D48-3D27B16EE73A}.Release|Any CPU.Build.0 = Release|Any CPU
		{518919A1-EA52-4195-8D48-3D27B16EE73A}.Release|x64.ActiveCfg = Release|Any CPU
		{518919A1-EA52-4195-8D48-3D27B16EE73A}.Release|x64.Build.0 = Release|Any CPU
		{518919A1-EA52-4195-8D48-3D27B16EE73A}.Release|x86.ActiveCfg = Release|Any CPU
		{518919A1-EA52-4195-8D48-3D27B16EE73A}.Release|x86.Build.0 = Release|Any CPU
	EndGlobalSection
	GlobalSection(SolutionProperties) = preSolution
		HideSolutionNode = FALSE
	EndGlobalSection
	GlobalSection(NestedProjects) = preSolution
		{2132E9AA-A8A6-6DB3-1CCB-FE240A8CB002} = {DAD03CFC-D5FA-AC94-41C7-9ABAB326F09E}
		{5F6EBAED-FD2E-40A6-8F26-134A8B9DE386} = {2132E9AA-A8A6-6DB3-1CCB-FE240A8CB002}
		{7981EB74-EDBE-4EB1-B582-5169D9B4EC2B} = {2132E9AA-A8A6-6DB3-1CCB-FE240A8CB002}
		{07624281-679A-43F5-92EE-79C260AF0A3A} = {2132E9AA-A8A6-6DB3-1CCB-FE240A8CB002}
		{7A6DBBAA-DF68-4833-A4E0-BCAD3EBC0278} = {2132E9AA-A8A6-6DB3-1CCB-FE240A8CB002}
		{DBAEF45C-CF4A-44F4-8CDB-FA3CBE6F7003} = {2132E9AA-A8A6-6DB3-1CCB-FE240A8CB002}
		{B8B48DC2-3E53-4DF0-87AC-01A640445DD4} = {2132E9AA-A8A6-6DB3-1CCB-FE240A8CB002}
		{FDF0B992-8BBF-4B54-9528-58CAEA8DEDFC} = {2132E9AA-A8A6-6DB3-1CCB-FE240A8CB002}
		{8E13AE3D-DF70-48BA-8374-36A3B9C6DAB9} = {2132E9AA-A8A6-6DB3-1CCB-FE240A8CB002}
		{518919A1-EA52-4195-8D48-3D27B16EE73A} = {2132E9AA-A8A6-6DB3-1CCB-FE240A8CB002}
	EndGlobalSection
EndGlobal
